// !$*UTF8*$!
{
	archiveVersion = 1;
	classes = {
	};
	objectVersion = 48;
	objects = {

/* Begin PBXBuildFile section */
		496EE30D213FD61900A52690 /* AppDelegate.swift in Sources */ = {isa = PBXBuildFile; fileRef = 496EE30C213FD61900A52690 /* AppDelegate.swift */; };
		496EE30F213FD61900A52690 /* MCContactViewController.swift in Sources */ = {isa = PBXBuildFile; fileRef = 496EE30E213FD61900A52690 /* MCContactViewController.swift */; };
		496EE312213FD61900A52690 /* Main.storyboard in Resources */ = {isa = PBXBuildFile; fileRef = 496EE310213FD61900A52690 /* Main.storyboard */; };
		496EE315213FD61900A52690 /* MyContacts.xcdatamodeld in Sources */ = {isa = PBXBuildFile; fileRef = 496EE313213FD61900A52690 /* MyContacts.xcdatamodeld */; };
		496EE317213FD61900A52690 /* Assets.xcassets in Resources */ = {isa = PBXBuildFile; fileRef = 496EE316213FD61900A52690 /* Assets.xcassets */; };
		496EE31A213FD61900A52690 /* LaunchScreen.storyboard in Resources */ = {isa = PBXBuildFile; fileRef = 496EE318213FD61900A52690 /* LaunchScreen.storyboard */; };
		496EE325213FD61A00A52690 /* MyContactsTests.swift in Sources */ = {isa = PBXBuildFile; fileRef = 496EE324213FD61A00A52690 /* MyContactsTests.swift */; };
		496EE330213FD61A00A52690 /* MyContactsUITests.swift in Sources */ = {isa = PBXBuildFile; fileRef = 496EE32F213FD61A00A52690 /* MyContactsUITests.swift */; };
		496EE340213FDA7B00A52690 /* MCContactTableViewCell.swift in Sources */ = {isa = PBXBuildFile; fileRef = 496EE33F213FDA7B00A52690 /* MCContactTableViewCell.swift */; };
/* End PBXBuildFile section */

/* Begin PBXContainerItemProxy section */
		496EE321213FD61A00A52690 /* PBXContainerItemProxy */ = {
			isa = PBXContainerItemProxy;
			containerPortal = 496EE301213FD61900A52690 /* Project object */;
			proxyType = 1;
			remoteGlobalIDString = 496EE308213FD61900A52690;
			remoteInfo = MyContacts;
		};
		496EE32C213FD61A00A52690 /* PBXContainerItemProxy */ = {
			isa = PBXContainerItemProxy;
			containerPortal = 496EE301213FD61900A52690 /* Project object */;
			proxyType = 1;
			remoteGlobalIDString = 496EE308213FD61900A52690;
			remoteInfo = MyContacts;
		};
/* End PBXContainerItemProxy section */

/* Begin PBXFileReference section */
		496EE309213FD61900A52690 /* MyContacts.app */ = {isa = PBXFileReference; explicitFileType = wrapper.application; includeInIndex = 0; path = MyContacts.app; sourceTree = BUILT_PRODUCTS_DIR; };
		496EE30C213FD61900A52690 /* AppDelegate.swift */ = {isa = PBXFileReference; lastKnownFileType = sourcecode.swift; path = AppDelegate.swift; sourceTree = "<group>"; };
		496EE30E213FD61900A52690 /* MCContactViewController.swift */ = {isa = PBXFileReference; lastKnownFileType = sourcecode.swift; path = MCContactViewController.swift; sourceTree = "<group>"; };
		496EE311213FD61900A52690 /* Base */ = {isa = PBXFileReference; lastKnownFileType = file.storyboard; name = Base; path = Base.lproj/Main.storyboard; sourceTree = "<group>"; };
		496EE314213FD61900A52690 /* MyContacts.xcdatamodel */ = {isa = PBXFileReference; lastKnownFileType = wrapper.xcdatamodel; path = MyContacts.xcdatamodel; sourceTree = "<group>"; };
		496EE316213FD61900A52690 /* Assets.xcassets */ = {isa = PBXFileReference; lastKnownFileType = folder.assetcatalog; path = Assets.xcassets; sourceTree = "<group>"; };
		496EE319213FD61900A52690 /* Base */ = {isa = PBXFileReference; lastKnownFileType = file.storyboard; name = Base; path = Base.lproj/LaunchScreen.storyboard; sourceTree = "<group>"; };
		496EE31B213FD61900A52690 /* Info.plist */ = {isa = PBXFileReference; lastKnownFileType = text.plist.xml; path = Info.plist; sourceTree = "<group>"; };
		496EE320213FD61A00A52690 /* MyContactsTests.xctest */ = {isa = PBXFileReference; explicitFileType = wrapper.cfbundle; includeInIndex = 0; path = MyContactsTests.xctest; sourceTree = BUILT_PRODUCTS_DIR; };
		496EE324213FD61A00A52690 /* MyContactsTests.swift */ = {isa = PBXFileReference; lastKnownFileType = sourcecode.swift; path = MyContactsTests.swift; sourceTree = "<group>"; };
		496EE326213FD61A00A52690 /* Info.plist */ = {isa = PBXFileReference; lastKnownFileType = text.plist.xml; path = Info.plist; sourceTree = "<group>"; };
		496EE32B213FD61A00A52690 /* MyContactsUITests.xctest */ = {isa = PBXFileReference; explicitFileType = wrapper.cfbundle; includeInIndex = 0; path = MyContactsUITests.xctest; sourceTree = BUILT_PRODUCTS_DIR; };
		496EE32F213FD61A00A52690 /* MyContactsUITests.swift */ = {isa = PBXFileReference; lastKnownFileType = sourcecode.swift; path = MyContactsUITests.swift; sourceTree = "<group>"; };
		496EE331213FD61A00A52690 /* Info.plist */ = {isa = PBXFileReference; lastKnownFileType = text.plist.xml; path = Info.plist; sourceTree = "<group>"; };
		496EE33F213FDA7B00A52690 /* MCContactTableViewCell.swift */ = {isa = PBXFileReference; lastKnownFileType = sourcecode.swift; path = MCContactTableViewCell.swift; sourceTree = "<group>"; };
/* End PBXFileReference section */

/* Begin PBXFrameworksBuildPhase section */
		496EE306213FD61900A52690 /* Frameworks */ = {
			isa = PBXFrameworksBuildPhase;
			buildActionMask = 2147483647;
			files = (
			);
			runOnlyForDeploymentPostprocessing = 0;
		};
		496EE31D213FD61A00A52690 /* Frameworks */ = {
			isa = PBXFrameworksBuildPhase;
			buildActionMask = 2147483647;
			files = (
			);
			runOnlyForDeploymentPostprocessing = 0;
		};
		496EE328213FD61A00A52690 /* Frameworks */ = {
			isa = PBXFrameworksBuildPhase;
			buildActionMask = 2147483647;
			files = (
			);
			runOnlyForDeploymentPostprocessing = 0;
		};
/* End PBXFrameworksBuildPhase section */

/* Begin PBXGroup section */
		496EE300213FD61900A52690 = {
			isa = PBXGroup;
			children = (
				496EE30B213FD61900A52690 /* MyContacts */,
				496EE323213FD61A00A52690 /* MyContactsTests */,
				496EE32E213FD61A00A52690 /* MyContactsUITests */,
				496EE30A213FD61900A52690 /* Products */,
			);
			sourceTree = "<group>";
		};
		496EE30A213FD61900A52690 /* Products */ = {
			isa = PBXGroup;
			children = (
				496EE309213FD61900A52690 /* MyContacts.app */,
				496EE320213FD61A00A52690 /* MyContactsTests.xctest */,
				496EE32B213FD61A00A52690 /* MyContactsUITests.xctest */,
			);
			name = Products;
			sourceTree = "<group>";
		};
		496EE30B213FD61900A52690 /* MyContacts */ = {
			isa = PBXGroup;
			children = (
				496EE342213FDB0100A52690 /* Model */,
				496EE30C213FD61900A52690 /* AppDelegate.swift */,
				496EE33E213FDA4500A52690 /* Controller */,
				496EE33D213FDA3900A52690 /* StoryBoard */,
				496EE316213FD61900A52690 /* Assets.xcassets */,
				496EE31B213FD61900A52690 /* Info.plist */,
				496EE313213FD61900A52690 /* MyContacts.xcdatamodeld */,
				496EE341213FDA8200A52690 /* View */,
			);
			path = MyContacts;
			sourceTree = "<group>";
		};
		496EE323213FD61A00A52690 /* MyContactsTests */ = {
			isa = PBXGroup;
			children = (
				496EE324213FD61A00A52690 /* MyContactsTests.swift */,
				496EE326213FD61A00A52690 /* Info.plist */,
			);
			path = MyContactsTests;
			sourceTree = "<group>";
		};
		496EE32E213FD61A00A52690 /* MyContactsUITests */ = {
			isa = PBXGroup;
			children = (
				496EE32F213FD61A00A52690 /* MyContactsUITests.swift */,
				496EE331213FD61A00A52690 /* Info.plist */,
			);
			path = MyContactsUITests;
			sourceTree = "<group>";
		};
		496EE33D213FDA3900A52690 /* StoryBoard */ = {
			isa = PBXGroup;
			children = (
				496EE318213FD61900A52690 /* LaunchScreen.storyboard */,
				496EE310213FD61900A52690 /* Main.storyboard */,
			);
			path = StoryBoard;
			sourceTree = "<group>";
		};
		496EE33E213FDA4500A52690 /* Controller */ = {
			isa = PBXGroup;
			children = (
				496EE30E213FD61900A52690 /* MCContactViewController.swift */,
			);
			path = Controller;
			sourceTree = "<group>";
		};
		496EE341213FDA8200A52690 /* View */ = {
			isa = PBXGroup;
			children = (
				496EE33F213FDA7B00A52690 /* MCContactTableViewCell.swift */,
			);
			path = View;
			sourceTree = "<group>";
		};
		496EE342213FDB0100A52690 /* Model */ = {
			isa = PBXGroup;
			children = (
			);
			path = Model;
			sourceTree = "<group>";
		};
/* End PBXGroup section */

/* Begin PBXNativeTarget section */
		496EE308213FD61900A52690 /* MyContacts */ = {
			isa = PBXNativeTarget;
			buildConfigurationList = 496EE334213FD61A00A52690 /* Build configuration list for PBXNativeTarget "MyContacts" */;
			buildPhases = (
				496EE305213FD61900A52690 /* Sources */,
				496EE306213FD61900A52690 /* Frameworks */,
				496EE307213FD61900A52690 /* Resources */,
			);
			buildRules = (
			);
			dependencies = (
			);
			name = MyContacts;
			productName = MyContacts;
			productReference = 496EE309213FD61900A52690 /* MyContacts.app */;
			productType = "com.apple.product-type.application";
		};
		496EE31F213FD61A00A52690 /* MyContactsTests */ = {
			isa = PBXNativeTarget;
			buildConfigurationList = 496EE337213FD61A00A52690 /* Build configuration list for PBXNativeTarget "MyContactsTests" */;
			buildPhases = (
				496EE31C213FD61A00A52690 /* Sources */,
				496EE31D213FD61A00A52690 /* Frameworks */,
				496EE31E213FD61A00A52690 /* Resources */,
			);
			buildRules = (
			);
			dependencies = (
				496EE322213FD61A00A52690 /* PBXTargetDependency */,
			);
			name = MyContactsTests;
			productName = MyContactsTests;
			productReference = 496EE320213FD61A00A52690 /* MyContactsTests.xctest */;
			productType = "com.apple.product-type.bundle.unit-test";
		};
		496EE32A213FD61A00A52690 /* MyContactsUITests */ = {
			isa = PBXNativeTarget;
			buildConfigurationList = 496EE33A213FD61A00A52690 /* Build configuration list for PBXNativeTarget "MyContactsUITests" */;
			buildPhases = (
				496EE327213FD61A00A52690 /* Sources */,
				496EE328213FD61A00A52690 /* Frameworks */,
				496EE329213FD61A00A52690 /* Resources */,
			);
			buildRules = (
			);
			dependencies = (
				496EE32D213FD61A00A52690 /* PBXTargetDependency */,
			);
			name = MyContactsUITests;
			productName = MyContactsUITests;
			productReference = 496EE32B213FD61A00A52690 /* MyContactsUITests.xctest */;
			productType = "com.apple.product-type.bundle.ui-testing";
		};
/* End PBXNativeTarget section */

/* Begin PBXProject section */
		496EE301213FD61900A52690 /* Project object */ = {
			isa = PBXProject;
			attributes = {
				LastSwiftUpdateCheck = 0920;
				LastUpgradeCheck = 0920;
				ORGANIZATIONNAME = "Snow Tint";
				TargetAttributes = {
					496EE308213FD61900A52690 = {
						CreatedOnToolsVersion = 9.2;
						ProvisioningStyle = Automatic;
					};
					496EE31F213FD61A00A52690 = {
						CreatedOnToolsVersion = 9.2;
						ProvisioningStyle = Automatic;
						TestTargetID = 496EE308213FD61900A52690;
					};
					496EE32A213FD61A00A52690 = {
						CreatedOnToolsVersion = 9.2;
						ProvisioningStyle = Automatic;
						TestTargetID = 496EE308213FD61900A52690;
					};
				};
			};
			buildConfigurationList = 496EE304213FD61900A52690 /* Build configuration list for PBXProject "MyContacts" */;
			compatibilityVersion = "Xcode 8.0";
			developmentRegion = en;
			hasScannedForEncodings = 0;
			knownRegions = (
				en,
				Base,
			);
			mainGroup = 496EE300213FD61900A52690;
			productRefGroup = 496EE30A213FD61900A52690 /* Products */;
			projectDirPath = "";
			projectRoot = "";
			targets = (
				496EE308213FD61900A52690 /* MyContacts */,
				496EE31F213FD61A00A52690 /* MyContactsTests */,
				496EE32A213FD61A00A52690 /* MyContactsUITests */,
			);
		};
/* End PBXProject section */

/* Begin PBXResourcesBuildPhase section */
		496EE307213FD61900A52690 /* Resources */ = {
			isa = PBXResourcesBuildPhase;
			buildActionMask = 2147483647;
			files = (
				496EE31A213FD61900A52690 /* LaunchScreen.storyboard in Resources */,
				496EE317213FD61900A52690 /* Assets.xcassets in Resources */,
				496EE312213FD61900A52690 /* Main.storyboard in Resources */,
			);
			runOnlyForDeploymentPostprocessing = 0;
		};
		496EE31E213FD61A00A52690 /* Resources */ = {
			isa = PBXResourcesBuildPhase;
			buildActionMask = 2147483647;
			files = (
			);
			runOnlyForDeploymentPostprocessing = 0;
		};
		496EE329213FD61A00A52690 /* Resources */ = {
			isa = PBXResourcesBuildPhase;
			buildActionMask = 2147483647;
			files = (
			);
			runOnlyForDeploymentPostprocessing = 0;
		};
/* End PBXResourcesBuildPhase section */

/* Begin PBXSourcesBuildPhase section */
		496EE305213FD61900A52690 /* Sources */ = {
			isa = PBXSourcesBuildPhase;
			buildActionMask = 2147483647;
			files = (
				496EE30F213FD61900A52690 /* MCContactViewController.swift in Sources */,
				496EE30D213FD61900A52690 /* AppDelegate.swift in Sources */,
				496EE340213FDA7B00A52690 /* MCContactTableViewCell.swift in Sources */,
				496EE315213FD61900A52690 /* MyContacts.xcdatamodeld in Sources */,
			);
			runOnlyForDeploymentPostprocessing = 0;
		};
		496EE31C213FD61A00A52690 /* Sources */ = {
			isa = PBXSourcesBuildPhase;
			buildActionMask = 2147483647;
			files = (
				496EE325213FD61A00A52690 /* MyContactsTests.swift in Sources */,
			);
			runOnlyForDeploymentPostprocessing = 0;
		};
		496EE327213FD61A00A52690 /* Sources */ = {
			isa = PBXSourcesBuildPhase;
			buildActionMask = 2147483647;
			files = (
				496EE330213FD61A00A52690 /* MyContactsUITests.swift in Sources */,
			);
			runOnlyForDeploymentPostprocessing = 0;
		};
/* End PBXSourcesBuildPhase section */

/* Begin PBXTargetDependency section */
		496EE322213FD61A00A52690 /* PBXTargetDependency */ = {
			isa = PBXTargetDependency;
			target = 496EE308213FD61900A52690 /* MyContacts */;
			targetProxy = 496EE321213FD61A00A52690 /* PBXContainerItemProxy */;
		};
		496EE32D213FD61A00A52690 /* PBXTargetDependency */ = {
			isa = PBXTargetDependency;
			target = 496EE308213FD61900A52690 /* MyContacts */;
			targetProxy = 496EE32C213FD61A00A52690 /* PBXContainerItemProxy */;
		};
/* End PBXTargetDependency section */

/* Begin PBXVariantGroup section */
		496EE310213FD61900A52690 /* Main.storyboard */ = {
			isa = PBXVariantGroup;
			children = (
				496EE311213FD61900A52690 /* Base */,
			);
			name = Main.storyboard;
			sourceTree = "<group>";
		};
		496EE318213FD61900A52690 /* LaunchScreen.storyboard */ = {
			isa = PBXVariantGroup;
			children = (
				496EE319213FD61900A52690 /* Base */,
			);
			name = LaunchScreen.storyboard;
			sourceTree = "<group>";
		};
/* End PBXVariantGroup section */

/* Begin XCBuildConfiguration section */
		496EE332213FD61A00A52690 /* Debug */ = {
			isa = XCBuildConfiguration;
			buildSettings = {
				ALWAYS_SEARCH_USER_PATHS = NO;
				CLANG_ANALYZER_NONNULL = YES;
				CLANG_ANALYZER_NUMBER_OBJECT_CONVERSION = YES_AGGRESSIVE;
				CLANG_CXX_LANGUAGE_STANDARD = "gnu++14";
				CLANG_CXX_LIBRARY = "libc++";
				CLANG_ENABLE_MODULES = YES;
				CLANG_ENABLE_OBJC_ARC = YES;
				CLANG_WARN_BLOCK_CAPTURE_AUTORELEASING = YES;
				CLANG_WARN_BOOL_CONVERSION = YES;
				CLANG_WARN_COMMA = YES;
				CLANG_WARN_CONSTANT_CONVERSION = YES;
				CLANG_WARN_DIRECT_OBJC_ISA_USAGE = YES_ERROR;
				CLANG_WARN_DOCUMENTATION_COMMENTS = YES;
				CLANG_WARN_EMPTY_BODY = YES;
				CLANG_WARN_ENUM_CONVERSION = YES;
				CLANG_WARN_INFINITE_RECURSION = YES;
				CLANG_WARN_INT_CONVERSION = YES;
				CLANG_WARN_NON_LITERAL_NULL_CONVERSION = YES;
				CLANG_WARN_OBJC_LITERAL_CONVERSION = YES;
				CLANG_WARN_OBJC_ROOT_CLASS = YES_ERROR;
				CLANG_WARN_RANGE_LOOP_ANALYSIS = YES;
				CLANG_WARN_STRICT_PROTOTYPES = YES;
				CLANG_WARN_SUSPICIOUS_MOVE = YES;
				CLANG_WARN_UNGUARDED_AVAILABILITY = YES_AGGRESSIVE;
				CLANG_WARN_UNREACHABLE_CODE = YES;
				CLANG_WARN__DUPLICATE_METHOD_MATCH = YES;
				CODE_SIGN_IDENTITY = "iPhone Developer";
				COPY_PHASE_STRIP = NO;
				DEBUG_INFORMATION_FORMAT = dwarf;
				ENABLE_STRICT_OBJC_MSGSEND = YES;
				ENABLE_TESTABILITY = YES;
				GCC_C_LANGUAGE_STANDARD = gnu11;
				GCC_DYNAMIC_NO_PIC = NO;
				GCC_NO_COMMON_BLOCKS = YES;
				GCC_OPTIMIZATION_LEVEL = 0;
				GCC_PREPROCESSOR_DEFINITIONS = (
					"DEBUG=1",
					"$(inherited)",
				);
				GCC_WARN_64_TO_32_BIT_CONVERSION = YES;
				GCC_WARN_ABOUT_RETURN_TYPE = YES_ERROR;
				GCC_WARN_UNDECLARED_SELECTOR = YES;
				GCC_WARN_UNINITIALIZED_AUTOS = YES_AGGRESSIVE;
				GCC_WARN_UNUSED_FUNCTION = YES;
				GCC_WARN_UNUSED_VARIABLE = YES;
				IPHONEOS_DEPLOYMENT_TARGET = 11.2;
				MTL_ENABLE_DEBUG_INFO = YES;
				ONLY_ACTIVE_ARCH = YES;
				SDKROOT = iphoneos;
				SWIFT_ACTIVE_COMPILATION_CONDITIONS = DEBUG;
				SWIFT_OPTIMIZATION_LEVEL = "-Onone";
			};
			name = Debug;
		};
		496EE333213FD61A00A52690 /* Release */ = {
			isa = XCBuildConfiguration;
			buildSettings = {
				ALWAYS_SEARCH_USER_PATHS = NO;
				CLANG_ANALYZER_NONNULL = YES;
				CLANG_ANALYZER_NUMBER_OBJECT_CONVERSION = YES_AGGRESSIVE;
				CLANG_CXX_LANGUAGE_STANDARD = "gnu++14";
				CLANG_CXX_LIBRARY = "libc++";
				CLANG_ENABLE_MODULES = YES;
				CLANG_ENABLE_OBJC_ARC = YES;
				CLANG_WARN_BLOCK_CAPTURE_AUTORELEASING = YES;
				CLANG_WARN_BOOL_CONVERSION = YES;
				CLANG_WARN_COMMA = YES;
				CLANG_WARN_CONSTANT_CONVERSION = YES;
				CLANG_WARN_DIRECT_OBJC_ISA_USAGE = YES_ERROR;
				CLANG_WARN_DOCUMENTATION_COMMENTS = YES;
				CLANG_WARN_EMPTY_BODY = YES;
				CLANG_WARN_ENUM_CONVERSION = YES;
				CLANG_WARN_INFINITE_RECURSION = YES;
				CLANG_WARN_INT_CONVERSION = YES;
				CLANG_WARN_NON_LITERAL_NULL_CONVERSION = YES;
				CLANG_WARN_OBJC_LITERAL_CONVERSION = YES;
				CLANG_WARN_OBJC_ROOT_CLASS = YES_ERROR;
				CLANG_WARN_RANGE_LOOP_ANALYSIS = YES;
				CLANG_WARN_STRICT_PROTOTYPES = YES;
				CLANG_WARN_SUSPICIOUS_MOVE = YES;
				CLANG_WARN_UNGUARDED_AVAILABILITY = YES_AGGRESSIVE;
				CLANG_WARN_UNREACHABLE_CODE = YES;
				CLANG_WARN__DUPLICATE_METHOD_MATCH = YES;
				CODE_SIGN_IDENTITY = "iPhone Developer";
				COPY_PHASE_STRIP = NO;
				DEBUG_INFORMATION_FORMAT = "dwarf-with-dsym";
				ENABLE_NS_ASSERTIONS = NO;
				ENABLE_STRICT_OBJC_MSGSEND = YES;
				GCC_C_LANGUAGE_STANDARD = gnu11;
				GCC_NO_COMMON_BLOCKS = YES;
				GCC_WARN_64_TO_32_BIT_CONVERSION = YES;
				GCC_WARN_ABOUT_RETURN_TYPE = YES_ERROR;
				GCC_WARN_UNDECLARED_SELECTOR = YES;
				GCC_WARN_UNINITIALIZED_AUTOS = YES_AGGRESSIVE;
				GCC_WARN_UNUSED_FUNCTION = YES;
				GCC_WARN_UNUSED_VARIABLE = YES;
				IPHONEOS_DEPLOYMENT_TARGET = 11.2;
				MTL_ENABLE_DEBUG_INFO = NO;
				SDKROOT = iphoneos;
				SWIFT_OPTIMIZATION_LEVEL = "-Owholemodule";
				VALIDATE_PRODUCT = YES;
			};
			name = Release;
		};
		496EE335213FD61A00A52690 /* Debug */ = {
			isa = XCBuildConfiguration;
			buildSettings = {
				ASSETCATALOG_COMPILER_APPICON_NAME = AppIcon;
				CODE_SIGN_STYLE = Automatic;
				DEVELOPMENT_TEAM = AJA43R4DCK;
				INFOPLIST_FILE = MyContacts/Info.plist;
				IPHONEOS_DEPLOYMENT_TARGET = 10.0;
				LD_RUNPATH_SEARCH_PATHS = "$(inherited) @executable_path/Frameworks";
				PRODUCT_BUNDLE_IDENTIFIER = com.zeeyad.MyContacts;
				PRODUCT_NAME = "$(TARGET_NAME)";
				SWIFT_VERSION = 4.0;
				TARGETED_DEVICE_FAMILY = 1;
			};
			name = Debug;
		};
		496EE336213FD61A00A52690 /* Release */ = {
			isa = XCBuildConfiguration;
			buildSettings = {
				ASSETCATALOG_COMPILER_APPICON_NAME = AppIcon;
				CODE_SIGN_STYLE = Automatic;
				DEVELOPMENT_TEAM = AJA43R4DCK;
				INFOPLIST_FILE = MyContacts/Info.plist;
				IPHONEOS_DEPLOYMENT_TARGET = 10.0;
				LD_RUNPATH_SEARCH_PATHS = "$(inherited) @executable_path/Frameworks";
				PRODUCT_BUNDLE_IDENTIFIER = com.zeeyad.MyContacts;
				PRODUCT_NAME = "$(TARGET_NAME)";
				SWIFT_VERSION = 4.0;
				TARGETED_DEVICE_FAMILY = 1;
			};
			name = Release;
		};
		496EE338213FD61A00A52690 /* Debug */ = {
			isa = XCBuildConfiguration;
			buildSettings = {
				ALWAYS_EMBED_SWIFT_STANDARD_LIBRARIES = YES;
				BUNDLE_LOADER = "$(TEST_HOST)";
				CODE_SIGN_STYLE = Automatic;
				DEVELOPMENT_TEAM = AJA43R4DCK;
				INFOPLIST_FILE = MyContactsTests/Info.plist;
				LD_RUNPATH_SEARCH_PATHS = "$(inherited) @executable_path/Frameworks @loader_path/Frameworks";
				PRODUCT_BUNDLE_IDENTIFIER = com.zeeyad.MyContactsTests;
				PRODUCT_NAME = "$(TARGET_NAME)";
				SWIFT_VERSION = 4.0;
				TARGETED_DEVICE_FAMILY = "1,2";
				TEST_HOST = "$(BUILT_PRODUCTS_DIR)/MyContacts.app/MyContacts";
			};
			name = Debug;
		};
		496EE339213FD61A00A52690 /* Release */ = {
			isa = XCBuildConfiguration;
			buildSettings = {
				ALWAYS_EMBED_SWIFT_STANDARD_LIBRARIES = YES;
				BUNDLE_LOADER = "$(TEST_HOST)";
				CODE_SIGN_STYLE = Automatic;
				DEVELOPMENT_TEAM = AJA43R4DCK;
				INFOPLIST_FILE = MyContactsTests/Info.plist;
				LD_RUNPATH_SEARCH_PATHS = "$(inherited) @executable_path/Frameworks @loader_path/Frameworks";
				PRODUCT_BUNDLE_IDENTIFIER = com.zeeyad.MyContactsTests;
				PRODUCT_NAME = "$(TARGET_NAME)";
				SWIFT_VERSION = 4.0;
				TARGETED_DEVICE_FAMILY = "1,2";
				TEST_HOST = "$(BUILT_PRODUCTS_DIR)/MyContacts.app/MyContacts";
			};
			name = Release;
		};
		496EE33B213FD61A00A52690 /* Debug */ = {
			isa = XCBuildConfiguration;
			buildSettings = {
				ALWAYS_EMBED_SWIFT_STANDARD_LIBRARIES = YES;
				CODE_SIGN_STYLE = Automatic;
				DEVELOPMENT_TEAM = AJA43R4DCK;
				INFOPLIST_FILE = MyContactsUITests/Info.plist;
				LD_RUNPATH_SEARCH_PATHS = "$(inherited) @executable_path/Frameworks @loader_path/Frameworks";
				PRODUCT_BUNDLE_IDENTIFIER = com.zeeyad.MyContactsUITests;
				PRODUCT_NAME = "$(TARGET_NAME)";
				SWIFT_VERSION = 4.0;
				TARGETED_DEVICE_FAMILY = "1,2";
				TEST_TARGET_NAME = MyContacts;
			};
			name = Debug;
		};
		496EE33C213FD61A00A52690 /* Release */ = {
			isa = XCBuildConfiguration;
			buildSettings = {
				ALWAYS_EMBED_SWIFT_STANDARD_LIBRARIES = YES;
				CODE_SIGN_STYLE = Automatic;
				DEVELOPMENT_TEAM = AJA43R4DCK;
				INFOPLIST_FILE = MyContactsUITests/Info.plist;
				LD_RUNPATH_SEARCH_PATHS = "$(inherited) @executable_path/Frameworks @loader_path/Frameworks";
				PRODUCT_BUNDLE_IDENTIFIER = com.zeeyad.MyContactsUITests;
				PRODUCT_NAME = "$(TARGET_NAME)";
				SWIFT_VERSION = 4.0;
				TARGETED_DEVICE_FAMILY = "1,2";
				TEST_TARGET_NAME = MyContacts;
			};
			name = Release;
		};
/* End XCBuildConfiguration section */

/* Begin XCConfigurationList section */
		496EE304213FD61900A52690 /* Build configuration list for PBXProject "MyContacts" */ = {
			isa = XCConfigurationList;
			buildConfigurations = (
				496EE332213FD61A00A52690 /* Debug */,
				496EE333213FD61A00A52690 /* Release */,
			);
			defaultConfigurationIsVisible = 0;
			defaultConfigurationName = Release;
		};
		496EE334213FD61A00A52690 /* Build configuration list for PBXNativeTarget "MyContacts" */ = {
			isa = XCConfigurationList;
			buildConfigurations = (
				496EE335213FD61A00A52690 /* Debug */,
				496EE336213FD61A00A52690 /* Release */,
			);
			defaultConfigurationIsVisible = 0;
			defaultConfigurationName = Release;
		};
		496EE337213FD61A00A52690 /* Build configuration list for PBXNativeTarget "MyContactsTests" */ = {
			isa = XCConfigurationList;
			buildConfigurations = (
				496EE338213FD61A00A52690 /* Debug */,
				496EE339213FD61A00A52690 /* Release */,
			);
			defaultConfigurationIsVisible = 0;
			defaultConfigurationName = Release;
		};
		496EE33A213FD61A00A52690 /* Build configuration list for PBXNativeTarget "MyContactsUITests" */ = {
			isa = XCConfigurationList;
			buildConfigurations = (
				496EE33B213FD61A00A52690 /* Debug */,
				496EE33C213FD61A00A52690 /* Release */,
			);
			defaultConfigurationIsVisible = 0;
			defaultConfigurationName = Release;
		};
/* End XCConfigurationList section */

/* Begin XCVersionGroup section */
		496EE313213FD61900A52690 /* MyContacts.xcdatamodeld */ = {
			isa = XCVersionGroup;
			children = (
				496EE314213FD61900A52690 /* MyContacts.xcdatamodel */,
			);
			currentVersion = 496EE314213FD61900A52690 /* MyContacts.xcdatamodel */;
			path = MyContacts.xcdatamodeld;
			sourceTree = "<group>";
			versionGroupType = wrapper.xcdatamodel;
		};
/* End XCVersionGroup section */
	};
	rootObject = 496EE301213FD61900A52690 /* Project object */;
}
